<?xml version="1.0" encoding="utf-8"?>
<Project ToolsVersion="4.0" xmlns="http://schemas.microsoft.com/developer/msbuild/2003">
  <ItemGroup>
    <Filter Include="TestApp">
      <UniqueIdentifier>{93995380-89BD-4b04-88EB-625FBE52EBFB}</UniqueIdentifier>
      <Extensions>h;hpp;hxx;hm;inl;inc;xsd</Extensions>
    </Filter>
    <Filter Include="HIPPO">
      <UniqueIdentifier>{736ea248-a050-4452-a5a7-a383296ab67b}</UniqueIdentifier>
    </Filter>
    <Filter Include="HIPPO\Math">
      <UniqueIdentifier>{1aa3353f-f7ce-49c4-8fdd-f82961534f54}</UniqueIdentifier>
    </Filter>
    <Filter Include="HIPPO\Camera">
      <UniqueIdentifier>{ca635f76-8cdd-431a-9269-ea0dfcd22dca}</UniqueIdentifier>
    </Filter>
    <Filter Include="HIPPO\Input">
      <UniqueIdentifier>{2008b8b2-e102-4e46-b977-1ae48388e789}</UniqueIdentifier>
    </Filter>
    <Filter Include="engine_interface">
      <UniqueIdentifier>{2db7adeb-d336-46d0-b720-4a4261144efc}</UniqueIdentifier>
    </Filter>
    <Filter Include="HIPPO\TestCaseManager">
      <UniqueIdentifier>{972a8b43-d3ec-4c50-b5af-486d94cb0c48}</UniqueIdentifier>
    </Filter>
    <Filter Include="HIPPO\Scene">
      <UniqueIdentifier>{95ed0558-9b29-4785-a630-58b8f39002e3}</UniqueIdentifier>
    </Filter>
    <Filter Include="HIPPO\Util">
      <UniqueIdentifier>{0742d41b-1d27-4a54-9b6e-af5ebd8920ee}</UniqueIdentifier>
    </Filter>
  </ItemGroup>
  <ItemGroup>
    <ClCompile Include="..\Common\Hippo\EngineBox.cpp">
      <Filter>HIPPO</Filter>
    </ClCompile>
    <ClCompile Include="..\Common\Hippo\ErrReport.cpp">
      <Filter>HIPPO</Filter>
    </ClCompile>
    <ClCompile Include="..\Common\Hippo\HelpeDraw.cpp">
      <Filter>HIPPO</Filter>
    </ClCompile>
    <ClCompile Include="..\Common\Hippo\HippoFrameWork.cpp">
      <Filter>HIPPO</Filter>
    </ClCompile>
    <ClCompile Include="..\Common\Hippo\idMath\math\Angles.cpp">
      <Filter>HIPPO\Math</Filter>
    </ClCompile>
    <ClCompile Include="..\Common\Hippo\idMath\math\cpuid.cpp">
      <Filter>HIPPO\Math</Filter>
    </ClCompile>
    <ClCompile Include="..\Common\Hippo\idMath\Decompose.cpp">
      <Filter>HIPPO\Math</Filter>
    </ClCompile>
    <ClCompile Include="..\Common\Hippo\idMath\geometry\DrawVert.cpp">
      <Filter>HIPPO\Math</Filter>
    </ClCompile>
    <ClCompile Include="..\Common\Hippo\idMath\Heap.cpp">
      <Filter>HIPPO\Math</Filter>
    </ClCompile>
    <ClCompile Include="..\Common\Hippo\idMath\math\IDLIB.cpp">
      <Filter>HIPPO\Math</Filter>
    </ClCompile>
    <ClCompile Include="..\Common\Hippo\idMath\geometry\JointTransform.cpp">
      <Filter>HIPPO\Math</Filter>
    </ClCompile>
    <ClCompile Include="..\Common\Hippo\idMath\math\Math.cpp">
      <Filter>HIPPO\Math</Filter>
    </ClCompile>
    <ClCompile Include="..\Common\Hippo\idMath\math\Matrix.cpp">
      <Filter>HIPPO\Math</Filter>
    </ClCompile>
    <ClCompile Include="..\Common\Hippo\idMath\math\Plane.cpp">
      <Filter>HIPPO\Math</Filter>
    </ClCompile>
    <ClCompile Include="..\Common\Hippo\idMath\math\Quat.cpp">
      <Filter>HIPPO\Math</Filter>
    </ClCompile>
    <ClCompile Include="..\Common\Hippo\idMath\math\Rotation.cpp">
      <Filter>HIPPO\Math</Filter>
    </ClCompile>
    <ClCompile Include="..\Common\Hippo\idMath\math\Simd.cpp">
      <Filter>HIPPO\Math</Filter>
    </ClCompile>
    <ClCompile Include="..\Common\Hippo\idMath\math\Simd_3DNow.cpp">
      <Filter>HIPPO\Math</Filter>
    </ClCompile>
    <ClCompile Include="..\Common\Hippo\idMath\math\Simd_Generic.cpp">
      <Filter>HIPPO\Math</Filter>
    </ClCompile>
    <ClCompile Include="..\Common\Hippo\idMath\math\Simd_MMX.cpp">
      <Filter>HIPPO\Math</Filter>
    </ClCompile>
    <ClCompile Include="..\Common\Hippo\idMath\math\Simd_SSE.cpp">
      <Filter>HIPPO\Math</Filter>
    </ClCompile>
    <ClCompile Include="..\Common\Hippo\idMath\math\Simd_SSE2.cpp">
      <Filter>HIPPO\Math</Filter>
    </ClCompile>
    <ClCompile Include="..\Common\Hippo\idMath\math\Simd_SSE3.cpp">
      <Filter>HIPPO\Math</Filter>
    </ClCompile>
    <ClCompile Include="..\Common\Hippo\idMath\Str.cpp">
      <Filter>HIPPO\Math</Filter>
    </ClCompile>
    <ClCompile Include="..\Common\Hippo\idMath\math\Vector.cpp">
      <Filter>HIPPO\Math</Filter>
    </ClCompile>
    <ClCompile Include="..\Common\Hippo\camera\ArcBall.cpp">
      <Filter>HIPPO\Camera</Filter>
    </ClCompile>
    <ClCompile Include="..\Common\Hippo\camera\CameraControlMap.cpp">
      <Filter>HIPPO\Camera</Filter>
    </ClCompile>
    <ClCompile Include="..\Common\Hippo\camera\FPSCamera.cpp">
      <Filter>HIPPO\Camera</Filter>
    </ClCompile>
    <ClCompile Include="..\Common\Hippo\camera\ModelViewCamera.cpp">
      <Filter>HIPPO\Camera</Filter>
    </ClCompile>
    <ClCompile Include="..\Common\Hippo\Input\Hippo_InputManager.cpp">
      <Filter>HIPPO\Input</Filter>
    </ClCompile>
    <ClCompile Include="..\Common\HippoTestManager\HippoTestManager.cpp">
      <Filter>HIPPO\TestCaseManager</Filter>
    </ClCompile>
    <ClCompile Include="..\Common\HippoTestManager\HippoTestMainFunction.cpp">
      <Filter>HIPPO\TestCaseManager</Filter>
    </ClCompile>
    <ClCompile Include="..\Common\Hippo\HippoScene.cpp">
      <Filter>HIPPO\Scene</Filter>
    </ClCompile>
    <ClCompile Include="..\Common\Hippo\RefCountCompare.cpp">
      <Filter>HIPPO\Util</Filter>
    </ClCompile>
    <ClCompile Include="DmlTest1.cpp">
      <Filter>TestApp</Filter>
    </ClCompile>
    <ClCompile Include="EmptyTerrainTest.cpp">
      <Filter>TestApp</Filter>
    </ClCompile>
    <ClCompile Include="LoadTerrainTest.cpp">
      <Filter>TestApp</Filter>
    </ClCompile>
    <ClCompile Include="..\Common\Hippo\HippoLevelScene.cpp">
      <Filter>HIPPO\Scene</Filter>
    </ClCompile>
    <ClCompile Include="..\Common\Hippo\HippoTerrainScene.cpp">
      <Filter>HIPPO\Scene</Filter>
    </ClCompile>
    <ClCompile Include="..\Common\Hippo\HippoSceneManager.cpp">
      <Filter>HIPPO\Scene</Filter>
    </ClCompile>
  </ItemGroup>
  <ItemGroup>
    <ClInclude Include="..\Common\Hippo\EngineBox.h">
      <Filter>HIPPO</Filter>
    </ClInclude>
    <ClInclude Include="..\Common\Hippo\ErrReport.h">
      <Filter>HIPPO</Filter>
    </ClInclude>
    <ClInclude Include="..\Common\Hippo\HelpeDraw.h">
      <Filter>HIPPO</Filter>
    </ClInclude>
    <ClInclude Include="..\Common\Hippo\HippoContexInfoDefine.h">
      <Filter>HIPPO</Filter>
    </ClInclude>
    <ClInclude Include="..\Common\Hippo\HippoFrameWork.h">
      <Filter>HIPPO</Filter>
    </ClInclude>
    <ClInclude Include="..\Common\Hippo\Resource.h">
      <Filter>HIPPO</Filter>
    </ClInclude>
    <ClInclude Include="..\Common\Hippo\idMath\math\Angles.h">
      <Filter>HIPPO\Math</Filter>
    </ClInclude>
    <ClInclude Include="..\Common\Hippo\idMath\containers\BTree.h">
      <Filter>HIPPO\Math</Filter>
    </ClInclude>
    <ClInclude Include="..\Common\Hippo\idMath\math\cpuid.h">
      <Filter>HIPPO\Math</Filter>
    </ClInclude>
    <ClInclude Include="..\Common\Hippo\idMath\Decompose.h">
      <Filter>HIPPO\Math</Filter>
    </ClInclude>
    <ClInclude Include="..\Common\Hippo\idMath\dMathHeader.h">
      <Filter>HIPPO\Math</Filter>
    </ClInclude>
    <ClInclude Include="..\Common\Hippo\idMath\geometry\DrawVert.h">
      <Filter>HIPPO\Math</Filter>
    </ClInclude>
    <ClInclude Include="..\Common\Hippo\idMath\Heap.h">
      <Filter>HIPPO\Math</Filter>
    </ClInclude>
    <ClInclude Include="..\Common\Hippo\idMath\math\IDLIB.h">
      <Filter>HIPPO\Math</Filter>
    </ClInclude>
    <ClInclude Include="..\Common\Hippo\idMath\geometry\JointTransform.h">
      <Filter>HIPPO\Math</Filter>
    </ClInclude>
    <ClInclude Include="..\Common\Hippo\idMath\math\Math.h">
      <Filter>HIPPO\Math</Filter>
    </ClInclude>
    <ClInclude Include="..\Common\Hippo\idMath\math\matrix.h">
      <Filter>HIPPO\Math</Filter>
    </ClInclude>
    <ClInclude Include="..\Common\Hippo\idMath\math\Plane.h">
      <Filter>HIPPO\Math</Filter>
    </ClInclude>
    <ClInclude Include="..\Common\Hippo\idMath\math\Quat.h">
      <Filter>HIPPO\Math</Filter>
    </ClInclude>
    <ClInclude Include="..\Common\Hippo\idMath\math\Random.h">
      <Filter>HIPPO\Math</Filter>
    </ClInclude>
    <ClInclude Include="..\Common\Hippo\idMath\math\Rotation.h">
      <Filter>HIPPO\Math</Filter>
    </ClInclude>
    <ClInclude Include="..\Common\Hippo\idMath\math\Simd.h">
      <Filter>HIPPO\Math</Filter>
    </ClInclude>
    <ClInclude Include="..\Common\Hippo\idMath\math\Simd_3DNow.h">
      <Filter>HIPPO\Math</Filter>
    </ClInclude>
    <ClInclude Include="..\Common\Hippo\idMath\math\Simd_Generic.h">
      <Filter>HIPPO\Math</Filter>
    </ClInclude>
    <ClInclude Include="..\Common\Hippo\idMath\math\Simd_MMX.h">
      <Filter>HIPPO\Math</Filter>
    </ClInclude>
    <ClInclude Include="..\Common\Hippo\idMath\math\Simd_SSE.h">
      <Filter>HIPPO\Math</Filter>
    </ClInclude>
    <ClInclude Include="..\Common\Hippo\idMath\math\Simd_SSE2.h">
      <Filter>HIPPO\Math</Filter>
    </ClInclude>
    <ClInclude Include="..\Common\Hippo\idMath\math\Simd_SSE3.h">
      <Filter>HIPPO\Math</Filter>
    </ClInclude>
    <ClInclude Include="..\Common\Hippo\idMath\Str.h">
      <Filter>HIPPO\Math</Filter>
    </ClInclude>
    <ClInclude Include="..\Common\Hippo\idMath\math\Vector.h">
      <Filter>HIPPO\Math</Filter>
    </ClInclude>
    <ClInclude Include="..\Common\Hippo\camera\ArcBall.h">
      <Filter>HIPPO\Camera</Filter>
    </ClInclude>
    <ClInclude Include="..\Common\Hippo\camera\CameraBase.h">
      <Filter>HIPPO\Camera</Filter>
    </ClInclude>
    <ClInclude Include="..\Common\Hippo\camera\CameraControlMap.h">
      <Filter>HIPPO\Camera</Filter>
    </ClInclude>
    <ClInclude Include="..\Common\Hippo\camera\FPSCamera.h">
      <Filter>HIPPO\Camera</Filter>
    </ClInclude>
    <ClInclude Include="..\Common\Hippo\camera\ModelViewCamera.h">
      <Filter>HIPPO\Camera</Filter>
    </ClInclude>
    <ClInclude Include="..\Common\Hippo\Input\Hippo_InputManager.h">
      <Filter>HIPPO\Input</Filter>
    </ClInclude>
    <ClInclude Include="..\Common\engine\EffectCore_dx.h">
      <Filter>engine_interface</Filter>
    </ClInclude>
    <ClInclude Include="..\Common\engine\engine_interface.h">
      <Filter>engine_interface</Filter>
    </ClInclude>
    <ClInclude Include="..\Common\HippoTestManager\HippoTestManager.h">
      <Filter>HIPPO\TestCaseManager</Filter>
    </ClInclude>
    <ClInclude Include="..\Common\Hippo\HippoScene.h">
      <Filter>HIPPO\Scene</Filter>
    </ClInclude>
    <ClInclude Include="..\Common\Hippo\RefCountCompare.h">
      <Filter>HIPPO\Util</Filter>
    </ClInclude>
  </ItemGroup>
  <ItemGroup>
    <None Include="..\Common\Hippo\HIPPO_FrameWork.ico">
      <Filter>HIPPO</Filter>
    </None>
    <None Include="..\Common\Hippo\small.ico">
      <Filter>HIPPO</Filter>
    </None>
  </ItemGroup>
  <ItemGroup>
    <ResourceCompile Include="..\Common\Hippo\HIPPO_FrameWork.rc">
      <Filter>HIPPO</Filter>
    </ResourceCompile>
  </ItemGroup>
</Project>